
Microsoft Visual Studio Solution File, Format Version 12.00
# Visual Studio Version 16
VisualStudioVersion = 16.0.30907.101
MinimumVisualStudioVersion = 10.0.40219.1
Project("{FAE04EC0-301F-11D3-BF4B-00C04F79EFBC}") = "para üstü uygulaması", "para üstü uygulaması\para üstü uygulaması.csproj", "{E81EF674-B71E-42AA-A2E8-E662F11ED542}"
EndProject
Global
	GlobalSection(SolutionConfigurationPlatforms) = preSolution
		Debug|Any CPU = Debug|Any CPU
		Release|Any CPU = Release|Any CPU
	EndGlobalSection
	GlobalSection(ProjectConfigurationPlatforms) = postSolution
		{E81EF674-B71E-42AA-A2E8-E662F11ED542}.Debug|Any CPU.ActiveCfg = Debug|Any CPU
		{E81EF674-B71E-42AA-A2E8-E662F11ED542}.Debug|Any CPU.Build.0 = Debug|Any CPU
		{E81EF674-B71E-42AA-A2E8-E662F11ED542}.Release|Any CPU.ActiveCfg = Release|Any CPU
		{E81EF674-B71E-42AA-A2E8-E662F11ED542}.Release|Any CPU.Build.0 = Release|Any CPU
	EndGlobalSection
	GlobalSection(SolutionProperties) = preSolution
		HideSolutionNode = FALSE
	EndGlobalSection
	GlobalSection(ExtensibilityGlobals) = postSolution
		SolutionGuid = {7D530F0A-2E65-4C9E-A128-E8FBEA6E0927}
	EndGlobalSection
EndGlobal
